
Microsoft Visual Studio Solution File, Format Version 12.00
# Visual Studio Version 16
VisualStudioVersion = 16.6.30114.105
MinimumVisualStudioVersion = 10.0.40219.1
Project("{2150E333-8FDC-42A3-9474-1A3956D46DE8}") = "src", "src", "{018DBFC0-4574-4123-BEA0-C5214651F72C}"
EndProject
Project("{FAE04EC0-301F-11D3-BF4B-00C04F79EFBC}") = "Api", "src\Api\Api.csproj", "{F395F46F-2A3D-48A5-B766-AFF4CC764AFA}"
EndProject
Project("{2150E333-8FDC-42A3-9474-1A3956D46DE8}") = "test", "test", "{56E836A5-2568-4F44-89D9-370C3BB1E77F}"
EndProject
Project("{FAE04EC0-301F-11D3-BF4B-00C04F79EFBC}") = "Api.UnitTests", "test\Api.UnitTests\Api.UnitTests.csproj", "{54A3EB5E-69BE-4B3A-ABD0-32F926567BC8}"
EndProject
Global
	GlobalSection(SolutionConfigurationPlatforms) = preSolution
		Debug|Any CPU = Debug|Any CPU
		Debug|x64 = Debug|x64
		Debug|x86 = Debug|x86
		Release|Any CPU = Release|Any CPU
		Release|x64 = Release|x64
		Release|x86 = Release|x86
	EndGlobalSection
	GlobalSection(SolutionProperties) = preSolution
		HideSolutionNode = FALSE
	EndGlobalSection
	GlobalSection(ProjectConfigurationPlatforms) = postSolution
		{F395F46F-2A3D-48A5-B766-AFF4CC764AFA}.Debug|Any CPU.ActiveCfg = Debug|Any CPU
		{F395F46F-2A3D-48A5-B766-AFF4CC764AFA}.Debug|Any CPU.Build.0 = Debug|Any CPU
		{F395F46F-2A3D-48A5-B766-AFF4CC764AFA}.Debug|x64.ActiveCfg = Debug|Any CPU
		{F395F46F-2A3D-48A5-B766-AFF4CC764AFA}.Debug|x64.Build.0 = Debug|Any CPU
		{F395F46F-2A3D-48A5-B766-AFF4CC764AFA}.Debug|x86.ActiveCfg = Debug|Any CPU
		{F395F46F-2A3D-48A5-B766-AFF4CC764AFA}.Debug|x86.Build.0 = Debug|Any CPU
		{F395F46F-2A3D-48A5-B766-AFF4CC764AFA}.Release|Any CPU.ActiveCfg = Release|Any CPU
		{F395F46F-2A3D-48A5-B766-AFF4CC764AFA}.Release|Any CPU.Build.0 = Release|Any CPU
		{F395F46F-2A3D-48A5-B766-AFF4CC764AFA}.Release|x64.ActiveCfg = Release|Any CPU
		{F395F46F-2A3D-48A5-B766-AFF4CC764AFA}.Release|x64.Build.0 = Release|Any CPU
		{F395F46F-2A3D-48A5-B766-AFF4CC764AFA}.Release|x86.ActiveCfg = Release|Any CPU
		{F395F46F-2A3D-48A5-B766-AFF4CC764AFA}.Release|x86.Build.0 = Release|Any CPU
		{54A3EB5E-69BE-4B3A-ABD0-32F926567BC8}.Debug|Any CPU.ActiveCfg = Debug|Any CPU
		{54A3EB5E-69BE-4B3A-ABD0-32F926567BC8}.Debug|Any CPU.Build.0 = Debug|Any CPU
		{54A3EB5E-69BE-4B3A-ABD0-32F926567BC8}.Debug|x64.ActiveCfg = Debug|Any CPU
		{54A3EB5E-69BE-4B3A-ABD0-32F926567BC8}.Debug|x64.Build.0 = Debug|Any CPU
		{54A3EB5E-69BE-4B3A-ABD0-32F926567BC8}.Debug|x86.ActiveCfg = Debug|Any CPU
		{54A3EB5E-69BE-4B3A-ABD0-32F926567BC8}.Debug|x86.Build.0 = Debug|Any CPU
		{54A3EB5E-69BE-4B3A-ABD0-32F926567BC8}.Release|Any CPU.ActiveCfg = Release|Any CPU
		{54A3EB5E-69BE-4B3A-ABD0-32F926567BC8}.Release|Any CPU.Build.0 = Release|Any CPU
		{54A3EB5E-69BE-4B3A-ABD0-32F926567BC8}.Release|x64.ActiveCfg = Release|Any CPU
		{54A3EB5E-69BE-4B3A-ABD0-32F926567BC8}.Release|x64.Build.0 = Release|Any CPU
		{54A3EB5E-69BE-4B3A-ABD0-32F926567BC8}.Release|x86.ActiveCfg = Release|Any CPU
		{54A3EB5E-69BE-4B3A-ABD0-32F926567BC8}.Release|x86.Build.0 = Release|Any CPU
	EndGlobalSection
	GlobalSection(NestedProjects) = preSolution
		{F395F46F-2A3D-48A5-B766-AFF4CC764AFA} = {018DBFC0-4574-4123-BEA0-C5214651F72C}
		{54A3EB5E-69BE-4B3A-ABD0-32F926567BC8} = {56E836A5-2568-4F44-89D9-370C3BB1E77F}
	EndGlobalSection
EndGlobal
